
Microsoft Visual Studio Solution File, Format Version 12.00
# Visual Studio Version 16
VisualStudioVersion = 16.0.30517.126
MinimumVisualStudioVersion = 10.0.40219.1
Project("{FAE04EC0-301F-11D3-BF4B-00C04F79EFBC}") = "VisualAcademy.Admin", "VisualAcademy.Admin\VisualAcademy.Admin.csproj", "{7C971043-5558-4744-A185-7C72A2485376}"
EndProject
Project("{00D1A9C2-B5F0-4AF3-8072-F6C62B433612}") = "VisualAcademy.SqlServer", "VisualAcademy.SqlServer\VisualAcademy.SqlServer.sqlproj", "{3E385E44-4B5E-4AA8-9FF4-B938F2D0AACE}"
EndProject
Global
	GlobalSection(SolutionConfigurationPlatforms) = preSolution
		Debug|Any CPU = Debug|Any CPU
		Release|Any CPU = Release|Any CPU
	EndGlobalSection
	GlobalSection(ProjectConfigurationPlatforms) = postSolution
		{7C971043-5558-4744-A185-7C72A2485376}.Debug|Any CPU.ActiveCfg = Debug|Any CPU
		{7C971043-5558-4744-A185-7C72A2485376}.Debug|Any CPU.Build.0 = Debug|Any CPU
		{7C971043-5558-4744-A185-7C72A2485376}.Release|Any CPU.ActiveCfg = Release|Any CPU
		{7C971043-5558-4744-A185-7C72A2485376}.Release|Any CPU.Build.0 = Release|Any CPU
		{3E385E44-4B5E-4AA8-9FF4-B938F2D0AACE}.Debug|Any CPU.ActiveCfg = Debug|Any CPU
		{3E385E44-4B5E-4AA8-9FF4-B938F2D0AACE}.Debug|Any CPU.Build.0 = Debug|Any CPU
		{3E385E44-4B5E-4AA8-9FF4-B938F2D0AACE}.Debug|Any CPU.Deploy.0 = Debug|Any CPU
		{3E385E44-4B5E-4AA8-9FF4-B938F2D0AACE}.Release|Any CPU.ActiveCfg = Release|Any CPU
		{3E385E44-4B5E-4AA8-9FF4-B938F2D0AACE}.Release|Any CPU.Build.0 = Release|Any CPU
		{3E385E44-4B5E-4AA8-9FF4-B938F2D0AACE}.Release|Any CPU.Deploy.0 = Release|Any CPU
	EndGlobalSection
	GlobalSection(SolutionProperties) = preSolution
		HideSolutionNode = FALSE
	EndGlobalSection
	GlobalSection(ExtensibilityGlobals) = postSolution
		SolutionGuid = {D335BFE5-2DA5-4841-BE02-23B8840C8B37}
	EndGlobalSection
EndGlobal
